# THIS IS AN AUTOGENERATED FILE. DO NOT EDIT THIS FILE DIRECTLY.
# yarn lockfile v1


"@remix-run/router@1.23.0":
  version "1.23.0"
  resolved "https://registry.yarnpkg.com/@remix-run/router/-/router-1.23.0.tgz#35390d0e7779626c026b11376da6789eb8389242"
  integrity sha512-O3rHJzAQKamUz1fvE0Qaw0xSFqsA/yafi2iqeE0pvdFtCO1viYx8QL6f3Ln/aCCTLxs68SLf0KPM9eSeM8yBnA==

react-router-dom@^6.24.0:
  version "6.30.0"
  resolved "https://registry.yarnpkg.com/react-router-dom/-/react-router-dom-6.30.0.tgz#a64774104508bff56b1affc2796daa3f7e76b7df"
  integrity sha512-x30B78HV5tFk8ex0ITwzC9TTZMua4jGyA9IUlH1JLQYQTFyxr/ZxwOJq7evg1JX1qGVUcvhsmQSKdPncQrjTgA==
  dependencies:
    "@remix-run/router" "1.23.0"
    react-router "6.30.0"

react-router@6.30.0:
  version "6.30.0"
  resolved "https://registry.yarnpkg.com/react-router/-/react-router-6.30.0.tgz#9789d775e63bc0df60f39ced77c8c41f1e01ff90"
  integrity sha512-D3X8FyH9nBcTSHGdEKurK7r8OYE1kKFn3d/CF+CoxbSHkxU7o37+Uh7eAHRXr6k2tSExXYO++07PeXJtA/dEhQ==
  dependencies:
    "@remix-run/router" "1.23.0"
