# THIS IS AN AUTOGENERATED FILE. DO NOT EDIT THIS FILE DIRECTLY.
# yarn lockfile v1


"@remix-run/router@1.18.0":
  version "1.18.0"
  resolved "https://registry.npmjs.org/@remix-run/router/-/router-1.18.0.tgz"
  integrity sha512-L3jkqmqoSVBVKHfpGZmLrex0lxR5SucGA0sUfFzGctehw+S/ggL9L/0NnC5mw6P8HUWpFZ3nQw3cRApjjWx9Sw==

"@tailwindcss/line-clamp@^0.4.4":
  version "0.4.4"
  resolved "https://registry.npmjs.org/@tailwindcss/line-clamp/-/line-clamp-0.4.4.tgz"
  integrity sha512-5U6SY5z8N42VtrCrKlsTAA35gy2VSyYtHWCsg1H87NU1SXnEfekTVlrga9fzUDrrHcGi2Lb5KenUWb4lRQT5/g==

"js-tokens@^3.0.0 || ^4.0.0":
  version "4.0.0"
  resolved "https://registry.npmjs.org/js-tokens/-/js-tokens-4.0.0.tgz"
  integrity sha512-RdJUflcE3cUzKiMqQgsCu06FPu9UdIJO0beYbPhHN4k6apgJtifcoCtT9bcxOpYBtpD2kCM6Sbzg4CausW/PKQ==

loose-envify@^1.1.0:
  version "1.4.0"
  resolved "https://registry.npmjs.org/loose-envify/-/loose-envify-1.4.0.tgz"
  integrity sha512-lyuxPGr/Wfhrlem2CL/UcnUc1zcqKAImBDzukY7Y5F/yQiNdko6+fRLevlw1HgMySw7f611UIY408EtxRSoK3Q==
  dependencies:
    js-tokens "^3.0.0 || ^4.0.0"

react-dom@>=16.8:
  version "18.3.1"
  resolved "https://registry.npmjs.org/react-dom/-/react-dom-18.3.1.tgz"
  integrity sha512-5m4nQKp+rZRb09LNH59GM4BxTh9251/ylbKIbpe7TpGxfJ+9kv6BLkLBXIjjspbgbnIBNqlI23tRnTWT0snUIw==
  dependencies:
    loose-envify "^1.1.0"
    scheduler "^0.23.2"

react-router-dom@^6.24.0:
  version "6.25.1"
  resolved "https://registry.npmjs.org/react-router-dom/-/react-router-dom-6.25.1.tgz"
  integrity sha512-0tUDpbFvk35iv+N89dWNrJp+afLgd+y4VtorJZuOCXK0kkCWjEvb3vTJM++SYvMEpbVwXKf3FjeVveVEb6JpDQ==
  dependencies:
    "@remix-run/router" "1.18.0"
    react-router "6.25.1"

react-router@6.25.1:
  version "6.25.1"
  resolved "https://registry.npmjs.org/react-router/-/react-router-6.25.1.tgz"
  integrity sha512-u8ELFr5Z6g02nUtpPAggP73Jigj1mRePSwhS/2nkTrlPU5yEkH1vYzWNyvSnSzeeE2DNqWdH+P8OhIh9wuXhTw==
  dependencies:
    "@remix-run/router" "1.18.0"

react@^18.3.1, react@>=16.8:
  version "18.3.1"
  resolved "https://registry.npmjs.org/react/-/react-18.3.1.tgz"
  integrity sha512-wS+hAgJShR0KhEvPJArfuPVN1+Hz1t0Y6n5jLrGQbkb4urgPE/0Rve+1kMB1v/oWgHgm4WIcV+i7F2pTVj+2iQ==
  dependencies:
    loose-envify "^1.1.0"

scheduler@^0.23.2:
  version "0.23.2"
  resolved "https://registry.npmjs.org/scheduler/-/scheduler-0.23.2.tgz"
  integrity sha512-UOShsPwz7NrMUqhR6t0hWjFduvOzbtv7toDH1/hIrfRNIDBnnBWd0CwJTGvTpngVlmwGCdP9/Zl/tVrDqcuYzQ==
  dependencies:
    loose-envify "^1.1.0"

"tailwindcss@>=2.0.0 || >=3.0.0 || >=3.0.0-alpha.1":
  version "4.1.3"
  resolved "https://registry.npmjs.org/tailwindcss/-/tailwindcss-4.1.3.tgz"
  integrity sha512-2Q+rw9vy1WFXu5cIxlvsabCwhU2qUwodGq03ODhLJ0jW4ek5BUtoCsnLB0qG+m8AHgEsSJcJGDSDe06FXlP74g==
